
Microsoft Visual Studio Solution File, Format Version 12.00
# Visual Studio Version 17
VisualStudioVersion = 17.0.32112.339
MinimumVisualStudioVersion = 10.0.40219.1
Project("{9A19103F-16F7-4668-BE54-9A1E7A4F7556}") = "PruebaN5.Api", "PruebaN5.Api\PruebaN5.Api.csproj", "{F51DA217-341A-4FCF-883D-FF4A577015E0}"
EndProject
Project("{2150E333-8FDC-42A3-9474-1A3956D46DE8}") = "1. PRESENTATION", "1. PRESENTATION", "{83484FBF-9E37-4746-8AE2-680D322A5B28}"
EndProject
Project("{2150E333-8FDC-42A3-9474-1A3956D46DE8}") = "2. APPLICATION", "2. APPLICATION", "{9BC60CAE-998E-4257-B48C-4B38E1C42909}"
EndProject
Project("{2150E333-8FDC-42A3-9474-1A3956D46DE8}") = "3. DOMAIN", "3. DOMAIN", "{3748E7F9-149A-41E0-AA67-0CA07BAAD888}"
EndProject
Project("{2150E333-8FDC-42A3-9474-1A3956D46DE8}") = "4. INFRASTRUCTURE", "4. INFRASTRUCTURE", "{F976A502-DBAE-4387-893B-6212CA21B7C8}"
EndProject
Project("{2150E333-8FDC-42A3-9474-1A3956D46DE8}") = "1.1 WEB", "1.1 WEB", "{EC34CFD4-9066-4467-B248-38CE8BAE1C5D}"
EndProject
Project("{2150E333-8FDC-42A3-9474-1A3956D46DE8}") = "1.1.1 API", "1.1.1 API", "{6DA5A5F5-BEDA-4B78-9817-1442EFC0A5D9}"
EndProject
Project("{9A19103F-16F7-4668-BE54-9A1E7A4F7556}") = "PruebaN5.APPLICATION", "PruebaN5.APPLICATION\PruebaN5.APPLICATION.csproj", "{4A5CBA41-4A3C-4F3A-BBF4-504657A245B6}"
EndProject
Project("{2150E333-8FDC-42A3-9474-1A3956D46DE8}") = "4.1 REPOSITORY", "4.1 REPOSITORY", "{A84E3686-BCF4-4F93-8481-8CBB90F980B1}"
EndProject
Project("{9A19103F-16F7-4668-BE54-9A1E7A4F7556}") = "PruebaN5.INFRASTRUCTURE.REPOSITORY.SQLSERVER", "PruebaN5.INFRASTRUCTURE.REPOSITORY.SQLSERVER\PruebaN5.INFRASTRUCTURE.REPOSITORY.SQLSERVER.csproj", "{6150AD9A-4186-4926-9F32-959AC87283A3}"
EndProject
Project("{9A19103F-16F7-4668-BE54-9A1E7A4F7556}") = "PruebaN5.DOMAIN", "PruebaN5.DOMAIN\PruebaN5.DOMAIN.csproj", "{2BA2A97B-3C32-4668-8AA1-77F32DB02CED}"
EndProject
Project("{2150E333-8FDC-42A3-9474-1A3956D46DE8}") = "5. Tests", "5. Tests", "{C4CEC903-74B2-4974-BBC7-2B3AE647A3E2}"
EndProject
Project("{FAE04EC0-301F-11D3-BF4B-00C04F79EFBC}") = "PruebaN5.Api.Tests", "PruebaN5.Api.Tests\PruebaN5.Api.Tests.csproj", "{A01D7E80-8D7D-4E89-9BEC-8BEFABA91C6B}"
EndProject
Global
	GlobalSection(SolutionConfigurationPlatforms) = preSolution
		Debug|Any CPU = Debug|Any CPU
		Release|Any CPU = Release|Any CPU
	EndGlobalSection
	GlobalSection(ProjectConfigurationPlatforms) = postSolution
		{F51DA217-341A-4FCF-883D-FF4A577015E0}.Debug|Any CPU.ActiveCfg = Debug|Any CPU
		{F51DA217-341A-4FCF-883D-FF4A577015E0}.Debug|Any CPU.Build.0 = Debug|Any CPU
		{F51DA217-341A-4FCF-883D-FF4A577015E0}.Release|Any CPU.ActiveCfg = Release|Any CPU
		{F51DA217-341A-4FCF-883D-FF4A577015E0}.Release|Any CPU.Build.0 = Release|Any CPU
		{4A5CBA41-4A3C-4F3A-BBF4-504657A245B6}.Debug|Any CPU.ActiveCfg = Debug|Any CPU
		{4A5CBA41-4A3C-4F3A-BBF4-504657A245B6}.Debug|Any CPU.Build.0 = Debug|Any CPU
		{4A5CBA41-4A3C-4F3A-BBF4-504657A245B6}.Release|Any CPU.ActiveCfg = Release|Any CPU
		{4A5CBA41-4A3C-4F3A-BBF4-504657A245B6}.Release|Any CPU.Build.0 = Release|Any CPU
		{6150AD9A-4186-4926-9F32-959AC87283A3}.Debug|Any CPU.ActiveCfg = Debug|Any CPU
		{6150AD9A-4186-4926-9F32-959AC87283A3}.Debug|Any CPU.Build.0 = Debug|Any CPU
		{6150AD9A-4186-4926-9F32-959AC87283A3}.Release|Any CPU.ActiveCfg = Release|Any CPU
		{6150AD9A-4186-4926-9F32-959AC87283A3}.Release|Any CPU.Build.0 = Release|Any CPU
		{2BA2A97B-3C32-4668-8AA1-77F32DB02CED}.Debug|Any CPU.ActiveCfg = Debug|Any CPU
		{2BA2A97B-3C32-4668-8AA1-77F32DB02CED}.Debug|Any CPU.Build.0 = Debug|Any CPU
		{2BA2A97B-3C32-4668-8AA1-77F32DB02CED}.Release|Any CPU.ActiveCfg = Release|Any CPU
		{2BA2A97B-3C32-4668-8AA1-77F32DB02CED}.Release|Any CPU.Build.0 = Release|Any CPU
		{A01D7E80-8D7D-4E89-9BEC-8BEFABA91C6B}.Debug|Any CPU.ActiveCfg = Debug|Any CPU
		{A01D7E80-8D7D-4E89-9BEC-8BEFABA91C6B}.Debug|Any CPU.Build.0 = Debug|Any CPU
		{A01D7E80-8D7D-4E89-9BEC-8BEFABA91C6B}.Release|Any CPU.ActiveCfg = Release|Any CPU
		{A01D7E80-8D7D-4E89-9BEC-8BEFABA91C6B}.Release|Any CPU.Build.0 = Release|Any CPU
	EndGlobalSection
	GlobalSection(SolutionProperties) = preSolution
		HideSolutionNode = FALSE
	EndGlobalSection
	GlobalSection(NestedProjects) = preSolution
		{F51DA217-341A-4FCF-883D-FF4A577015E0} = {6DA5A5F5-BEDA-4B78-9817-1442EFC0A5D9}
		{EC34CFD4-9066-4467-B248-38CE8BAE1C5D} = {83484FBF-9E37-4746-8AE2-680D322A5B28}
		{6DA5A5F5-BEDA-4B78-9817-1442EFC0A5D9} = {EC34CFD4-9066-4467-B248-38CE8BAE1C5D}
		{4A5CBA41-4A3C-4F3A-BBF4-504657A245B6} = {9BC60CAE-998E-4257-B48C-4B38E1C42909}
		{A84E3686-BCF4-4F93-8481-8CBB90F980B1} = {F976A502-DBAE-4387-893B-6212CA21B7C8}
		{6150AD9A-4186-4926-9F32-959AC87283A3} = {A84E3686-BCF4-4F93-8481-8CBB90F980B1}
		{2BA2A97B-3C32-4668-8AA1-77F32DB02CED} = {3748E7F9-149A-41E0-AA67-0CA07BAAD888}
		{A01D7E80-8D7D-4E89-9BEC-8BEFABA91C6B} = {C4CEC903-74B2-4974-BBC7-2B3AE647A3E2}
	EndGlobalSection
	GlobalSection(ExtensibilityGlobals) = postSolution
		SolutionGuid = {D7EAFFFF-CC6A-4868-8A87-19FE008BF0C3}
	EndGlobalSection
EndGlobal
